
Microsoft Visual Studio Solution File, Format Version 12.00
# Visual Studio Version 16
VisualStudioVersion = 16.0.31321.278
MinimumVisualStudioVersion = 10.0.40219.1
Project("{8BC9CEB8-8B4A-11D0-8D11-00A0C91BC942}") = "Armstrong_numbers_practice", "Armstrong_numbers_practice\Armstrong_numbers_practice.vcxproj", "{5BB2A253-0C3C-49F1-B5C0-CF8983664D77}"
EndProject
Global
	GlobalSection(SolutionConfigurationPlatforms) = preSolution
		Debug|x64 = Debug|x64
		Debug|x86 = Debug|x86
		Release|x64 = Release|x64
		Release|x86 = Release|x86
	EndGlobalSection
	GlobalSection(ProjectConfigurationPlatforms) = postSolution
		{5BB2A253-0C3C-49F1-B5C0-CF8983664D77}.Debug|x64.ActiveCfg = Debug|x64
		{5BB2A253-0C3C-49F1-B5C0-CF8983664D77}.Debug|x64.Build.0 = Debug|x64
		{5BB2A253-0C3C-49F1-B5C0-CF8983664D77}.Debug|x86.ActiveCfg = Debug|Win32
		{5BB2A253-0C3C-49F1-B5C0-CF8983664D77}.Debug|x86.Build.0 = Debug|Win32
		{5BB2A253-0C3C-49F1-B5C0-CF8983664D77}.Release|x64.ActiveCfg = Release|x64
		{5BB2A253-0C3C-49F1-B5C0-CF8983664D77}.Release|x64.Build.0 = Release|x64
		{5BB2A253-0C3C-49F1-B5C0-CF8983664D77}.Release|x86.ActiveCfg = Release|Win32
		{5BB2A253-0C3C-49F1-B5C0-CF8983664D77}.Release|x86.Build.0 = Release|Win32
	EndGlobalSection
	GlobalSection(SolutionProperties) = preSolution
		HideSolutionNode = FALSE
	EndGlobalSection
	GlobalSection(ExtensibilityGlobals) = postSolution
		SolutionGuid = {D859D57B-3152-41E7-9D13-D8314EB1854E}
	EndGlobalSection
EndGlobal
